// !$*UTF8*$!
{
	archiveVersion = 1;
	classes = {
	};
	objectVersion = 46;
	objects = {

/* Begin PBXBuildFile section */
		2C62ABE51F10917F00E7F49A /* AppDelegate.swift in Sources */ = {isa = PBXBuildFile; fileRef = 2C62ABE41F10917F00E7F49A /* AppDelegate.swift */; };
		2C62ABE71F10917F00E7F49A /* ViewController.swift in Sources */ = {isa = PBXBuildFile; fileRef = 2C62ABE61F10917F00E7F49A /* ViewController.swift */; };
		2C62ABEA1F10917F00E7F49A /* Main.storyboard in Resources */ = {isa = PBXBuildFile; fileRef = 2C62ABE81F10917F00E7F49A /* Main.storyboard */; };
		2C62ABEC1F10917F00E7F49A /* Assets.xcassets in Resources */ = {isa = PBXBuildFile; fileRef = 2C62ABEB1F10917F00E7F49A /* Assets.xcassets */; };
		2C62ABEF1F10917F00E7F49A /* LaunchScreen.storyboard in Resources */ = {isa = PBXBuildFile; fileRef = 2C62ABED1F10917F00E7F49A /* LaunchScreen.storyboard */; };
		2C62AC021F10940900E7F49A /* GradientView.swift in Sources */ = {isa = PBXBuildFile; fileRef = 2C62ABF61F10940900E7F49A /* GradientView.swift */; };
		2C62AC031F10940900E7F49A /* Map2ViewController.swift in Sources */ = {isa = PBXBuildFile; fileRef = 2C62ABF71F10940900E7F49A /* Map2ViewController.swift */; };
		2C62AC041F10940900E7F49A /* MapCollectionViewCell.swift in Sources */ = {isa = PBXBuildFile; fileRef = 2C62ABF81F10940900E7F49A /* MapCollectionViewCell.swift */; };
		2C62AC051F10940900E7F49A /* MapViewController.swift in Sources */ = {isa = PBXBuildFile; fileRef = 2C62ABF91F10940900E7F49A /* MapViewController.swift */; };
		2C62AC061F10940900E7F49A /* PinAnnotation.swift in Sources */ = {isa = PBXBuildFile; fileRef = 2C62ABFA1F10940900E7F49A /* PinAnnotation.swift */; };
		2C62AC071F10940900E7F49A /* Place.swift in Sources */ = {isa = PBXBuildFile; fileRef = 2C62ABFB1F10940900E7F49A /* Place.swift */; };
		2C62AC081F10940900E7F49A /* Places.plist in Resources */ = {isa = PBXBuildFile; fileRef = 2C62ABFC1F10940900E7F49A /* Places.plist */; };
		2C62AC091F10940900E7F49A /* pro.plist in Resources */ = {isa = PBXBuildFile; fileRef = 2C62ABFD1F10940900E7F49A /* pro.plist */; };
		2C62AC0A1F10940900E7F49A /* QRCodeGeneratorController.swift in Sources */ = {isa = PBXBuildFile; fileRef = 2C62ABFE1F10940900E7F49A /* QRCodeGeneratorController.swift */; };
		2C62AC0B1F10940900E7F49A /* QRScannerController.swift in Sources */ = {isa = PBXBuildFile; fileRef = 2C62ABFF1F10940900E7F49A /* QRScannerController.swift */; };
		2C62AC0C1F10940900E7F49A /* RoudButton.swift in Sources */ = {isa = PBXBuildFile; fileRef = 2C62AC001F10940900E7F49A /* RoudButton.swift */; };
		2C62AC0D1F10940900E7F49A /* testViewController.swift in Sources */ = {isa = PBXBuildFile; fileRef = 2C62AC011F10940900E7F49A /* testViewController.swift */; };
		2CF0807F1F10A1C400B7EF67 /* GoogleService-Info.plist in Resources */ = {isa = PBXBuildFile; fileRef = 2CF0807E1F10A1C400B7EF67 /* GoogleService-Info.plist */; };
		2CF080811F10B7D100B7EF67 /* ImageCollectionViewCell.swift in Sources */ = {isa = PBXBuildFile; fileRef = 2CF080801F10B7D100B7EF67 /* ImageCollectionViewCell.swift */; };
		2CF080831F10DFF400B7EF67 /* DatabaseManager.swift in Sources */ = {isa = PBXBuildFile; fileRef = 2CF080821F10DFF400B7EF67 /* DatabaseManager.swift */; };
		4D3AE9CF2D6B88A681C47E81 /* Pods_finchack2017.framework in Frameworks */ = {isa = PBXBuildFile; fileRef = 0A5DB8057E859BBE7AD206FA /* Pods_finchack2017.framework */; };
/* End PBXBuildFile section */

/* Begin PBXFileReference section */
		0008815F04C54086EA0CD592 /* Pods-finchack2017.release.xcconfig */ = {isa = PBXFileReference; includeInIndex = 1; lastKnownFileType = text.xcconfig; name = "Pods-finchack2017.release.xcconfig"; path = "Pods/Target Support Files/Pods-finchack2017/Pods-finchack2017.release.xcconfig"; sourceTree = "<group>"; };
		0A5DB8057E859BBE7AD206FA /* Pods_finchack2017.framework */ = {isa = PBXFileReference; explicitFileType = wrapper.framework; includeInIndex = 0; path = Pods_finchack2017.framework; sourceTree = BUILT_PRODUCTS_DIR; };
		2C62ABE11F10917F00E7F49A /* finchack2017.app */ = {isa = PBXFileReference; explicitFileType = wrapper.application; includeInIndex = 0; path = finchack2017.app; sourceTree = BUILT_PRODUCTS_DIR; };
		2C62ABE41F10917F00E7F49A /* AppDelegate.swift */ = {isa = PBXFileReference; lastKnownFileType = sourcecode.swift; path = AppDelegate.swift; sourceTree = "<group>"; };
		2C62ABE61F10917F00E7F49A /* ViewController.swift */ = {isa = PBXFileReference; lastKnownFileType = sourcecode.swift; path = ViewController.swift; sourceTree = "<group>"; };
		2C62ABE91F10917F00E7F49A /* Base */ = {isa = PBXFileReference; lastKnownFileType = file.storyboard; name = Base; path = Base.lproj/Main.storyboard; sourceTree = "<group>"; };
		2C62ABEB1F10917F00E7F49A /* Assets.xcassets */ = {isa = PBXFileReference; lastKnownFileType = folder.assetcatalog; path = Assets.xcassets; sourceTree = "<group>"; };
		2C62ABEE1F10917F00E7F49A /* Base */ = {isa = PBXFileReference; lastKnownFileType = file.storyboard; name = Base; path = Base.lproj/LaunchScreen.storyboard; sourceTree = "<group>"; };
		2C62ABF01F10917F00E7F49A /* Info.plist */ = {isa = PBXFileReference; lastKnownFileType = text.plist.xml; path = Info.plist; sourceTree = "<group>"; };
		2C62ABF61F10940900E7F49A /* GradientView.swift */ = {isa = PBXFileReference; fileEncoding = 4; lastKnownFileType = sourcecode.swift; path = GradientView.swift; sourceTree = "<group>"; };
		2C62ABF71F10940900E7F49A /* Map2ViewController.swift */ = {isa = PBXFileReference; fileEncoding = 4; lastKnownFileType = sourcecode.swift; path = Map2ViewController.swift; sourceTree = "<group>"; };
		2C62ABF81F10940900E7F49A /* MapCollectionViewCell.swift */ = {isa = PBXFileReference; fileEncoding = 4; lastKnownFileType = sourcecode.swift; path = MapCollectionViewCell.swift; sourceTree = "<group>"; };
		2C62ABF91F10940900E7F49A /* MapViewController.swift */ = {isa = PBXFileReference; fileEncoding = 4; lastKnownFileType = sourcecode.swift; path = MapViewController.swift; sourceTree = "<group>"; };
		2C62ABFA1F10940900E7F49A /* PinAnnotation.swift */ = {isa = PBXFileReference; fileEncoding = 4; lastKnownFileType = sourcecode.swift; path = PinAnnotation.swift; sourceTree = "<group>"; };
		2C62ABFB1F10940900E7F49A /* Place.swift */ = {isa = PBXFileReference; fileEncoding = 4; lastKnownFileType = sourcecode.swift; path = Place.swift; sourceTree = "<group>"; };
		2C62ABFC1F10940900E7F49A /* Places.plist */ = {isa = PBXFileReference; fileEncoding = 4; lastKnownFileType = text.plist.xml; path = Places.plist; sourceTree = "<group>"; };
		2C62ABFD1F10940900E7F49A /* pro.plist */ = {isa = PBXFileReference; fileEncoding = 4; lastKnownFileType = text.plist.xml; path = pro.plist; sourceTree = "<group>"; };
		2C62ABFE1F10940900E7F49A /* QRCodeGeneratorController.swift */ = {isa = PBXFileReference; fileEncoding = 4; lastKnownFileType = sourcecode.swift; path = QRCodeGeneratorController.swift; sourceTree = "<group>"; };
		2C62ABFF1F10940900E7F49A /* QRScannerController.swift */ = {isa = PBXFileReference; fileEncoding = 4; lastKnownFileType = sourcecode.swift; path = QRScannerController.swift; sourceTree = "<group>"; };
		2C62AC001F10940900E7F49A /* RoudButton.swift */ = {isa = PBXFileReference; fileEncoding = 4; lastKnownFileType = sourcecode.swift; path = RoudButton.swift; sourceTree = "<group>"; };
		2C62AC011F10940900E7F49A /* testViewController.swift */ = {isa = PBXFileReference; fileEncoding = 4; lastKnownFileType = sourcecode.swift; path = testViewController.swift; sourceTree = "<group>"; };
		2CF0807E1F10A1C400B7EF67 /* GoogleService-Info.plist */ = {isa = PBXFileReference; fileEncoding = 4; lastKnownFileType = text.plist.xml; path = "GoogleService-Info.plist"; sourceTree = SOURCE_ROOT; };
		2CF080801F10B7D100B7EF67 /* ImageCollectionViewCell.swift */ = {isa = PBXFileReference; fileEncoding = 4; lastKnownFileType = sourcecode.swift; path = ImageCollectionViewCell.swift; sourceTree = "<group>"; };
		2CF080821F10DFF400B7EF67 /* DatabaseManager.swift */ = {isa = PBXFileReference; fileEncoding = 4; lastKnownFileType = sourcecode.swift; name = DatabaseManager.swift; path = ../../../../Downloads/DatabaseManager.swift; sourceTree = "<group>"; };
		B0DA9613F58B2845BD01B590 /* Pods-finchack2017.debug.xcconfig */ = {isa = PBXFileReference; includeInIndex = 1; lastKnownFileType = text.xcconfig; name = "Pods-finchack2017.debug.xcconfig"; path = "Pods/Target Support Files/Pods-finchack2017/Pods-finchack2017.debug.xcconfig"; sourceTree = "<group>"; };
/* End PBXFileReference section */

/* Begin PBXFrameworksBuildPhase section */
		2C62ABDE1F10917F00E7F49A /* Frameworks */ = {
			isa = PBXFrameworksBuildPhase;
			buildActionMask = 2147483647;
			files = (
				4D3AE9CF2D6B88A681C47E81 /* Pods_finchack2017.framework in Frameworks */,
			);
			runOnlyForDeploymentPostprocessing = 0;
		};
/* End PBXFrameworksBuildPhase section */

/* Begin PBXGroup section */
		2C62ABD81F10917F00E7F49A = {
			isa = PBXGroup;
			children = (
				2C62ABE31F10917F00E7F49A /* finchack2017 */,
				2C62ABE21F10917F00E7F49A /* Products */,
				5188C1344C1ECB7DA975983E /* Pods */,
				A775A0AEA475D4F8170C205E /* Frameworks */,
			);
			sourceTree = "<group>";
		};
		2C62ABE21F10917F00E7F49A /* Products */ = {
			isa = PBXGroup;
			children = (
				2C62ABE11F10917F00E7F49A /* finchack2017.app */,
			);
			name = Products;
			sourceTree = "<group>";
		};
		2C62ABE31F10917F00E7F49A /* finchack2017 */ = {
			isa = PBXGroup;
			children = (
				2CF080821F10DFF400B7EF67 /* DatabaseManager.swift */,
				2CF0807E1F10A1C400B7EF67 /* GoogleService-Info.plist */,
				2C62ABF61F10940900E7F49A /* GradientView.swift */,
				2C62ABF71F10940900E7F49A /* Map2ViewController.swift */,
				2C62ABF81F10940900E7F49A /* MapCollectionViewCell.swift */,
				2C62ABF91F10940900E7F49A /* MapViewController.swift */,
				2C62ABFA1F10940900E7F49A /* PinAnnotation.swift */,
				2C62ABFB1F10940900E7F49A /* Place.swift */,
				2C62ABFC1F10940900E7F49A /* Places.plist */,
				2C62ABFD1F10940900E7F49A /* pro.plist */,
				2C62ABFE1F10940900E7F49A /* QRCodeGeneratorController.swift */,
				2C62ABFF1F10940900E7F49A /* QRScannerController.swift */,
				2C62AC001F10940900E7F49A /* RoudButton.swift */,
				2C62AC011F10940900E7F49A /* testViewController.swift */,
				2C62ABE41F10917F00E7F49A /* AppDelegate.swift */,
				2C62ABE61F10917F00E7F49A /* ViewController.swift */,
				2C62ABE81F10917F00E7F49A /* Main.storyboard */,
				2C62ABEB1F10917F00E7F49A /* Assets.xcassets */,
				2C62ABED1F10917F00E7F49A /* LaunchScreen.storyboard */,
				2C62ABF01F10917F00E7F49A /* Info.plist */,
				2CF080801F10B7D100B7EF67 /* ImageCollectionViewCell.swift */,
			);
			path = finchack2017;
			sourceTree = "<group>";
		};
		5188C1344C1ECB7DA975983E /* Pods */ = {
			isa = PBXGroup;
			children = (
				B0DA9613F58B2845BD01B590 /* Pods-finchack2017.debug.xcconfig */,
				0008815F04C54086EA0CD592 /* Pods-finchack2017.release.xcconfig */,
			);
			name = Pods;
			sourceTree = "<group>";
		};
		A775A0AEA475D4F8170C205E /* Frameworks */ = {
			isa = PBXGroup;
			children = (
				0A5DB8057E859BBE7AD206FA /* Pods_finchack2017.framework */,
			);
			name = Frameworks;
			sourceTree = "<group>";
		};
/* End PBXGroup section */

/* Begin PBXNativeTarget section */
		2C62ABE01F10917F00E7F49A /* finchack2017 */ = {
			isa = PBXNativeTarget;
			buildConfigurationList = 2C62ABF31F10917F00E7F49A /* Build configuration list for PBXNativeTarget "finchack2017" */;
			buildPhases = (
				F615C67D6B8A3A4D0A5E64AD /* [CP] Check Pods Manifest.lock */,
				2C62ABDD1F10917F00E7F49A /* Sources */,
				2C62ABDE1F10917F00E7F49A /* Frameworks */,
				2C62ABDF1F10917F00E7F49A /* Resources */,
				D11EFDBDDE7E218E7C3408B8 /* [CP] Embed Pods Frameworks */,
				0B33782023563729F83B2280 /* [CP] Copy Pods Resources */,
			);
			buildRules = (
			);
			dependencies = (
			);
			name = finchack2017;
			productName = finchack2017;
			productReference = 2C62ABE11F10917F00E7F49A /* finchack2017.app */;
			productType = "com.apple.product-type.application";
		};
/* End PBXNativeTarget section */

/* Begin PBXProject section */
		2C62ABD91F10917F00E7F49A /* Project object */ = {
			isa = PBXProject;
			attributes = {
				LastSwiftUpdateCheck = 0830;
				LastUpgradeCheck = 0830;
				ORGANIZATIONNAME = "Marcus Man";
				TargetAttributes = {
					2C62ABE01F10917F00E7F49A = {
						CreatedOnToolsVersion = 8.3.3;
						DevelopmentTeam = 67NSZFYFXU;
						ProvisioningStyle = Automatic;
					};
				};
			};
			buildConfigurationList = 2C62ABDC1F10917F00E7F49A /* Build configuration list for PBXProject "finchack2017" */;
			compatibilityVersion = "Xcode 3.2";
			developmentRegion = English;
			hasScannedForEncodings = 0;
			knownRegions = (
				en,
				Base,
			);
			mainGroup = 2C62ABD81F10917F00E7F49A;
			productRefGroup = 2C62ABE21F10917F00E7F49A /* Products */;
			projectDirPath = "";
			projectRoot = "";
			targets = (
				2C62ABE01F10917F00E7F49A /* finchack2017 */,
			);
		};
/* End PBXProject section */

/* Begin PBXResourcesBuildPhase section */
		2C62ABDF1F10917F00E7F49A /* Resources */ = {
			isa = PBXResourcesBuildPhase;
			buildActionMask = 2147483647;
			files = (
				2C62ABEF1F10917F00E7F49A /* LaunchScreen.storyboard in Resources */,
				2C62ABEC1F10917F00E7F49A /* Assets.xcassets in Resources */,
				2C62AC081F10940900E7F49A /* Places.plist in Resources */,
				2C62AC091F10940900E7F49A /* pro.plist in Resources */,
				2C62ABEA1F10917F00E7F49A /* Main.storyboard in Resources */,
				2CF0807F1F10A1C400B7EF67 /* GoogleService-Info.plist in Resources */,
			);
			runOnlyForDeploymentPostprocessing = 0;
		};
/* End PBXResourcesBuildPhase section */

/* Begin PBXShellScriptBuildPhase section */
		0B33782023563729F83B2280 /* [CP] Copy Pods Resources */ = {
			isa = PBXShellScriptBuildPhase;
			buildActionMask = 2147483647;
			files = (
			);
			inputPaths = (
			);
			name = "[CP] Copy Pods Resources";
			outputPaths = (
			);
			runOnlyForDeploymentPostprocessing = 0;
			shellPath = /bin/sh;
			shellScript = "\"${SRCROOT}/Pods/Target Support Files/Pods-finchack2017/Pods-finchack2017-resources.sh\"\n";
			showEnvVarsInLog = 0;
		};
		D11EFDBDDE7E218E7C3408B8 /* [CP] Embed Pods Frameworks */ = {
			isa = PBXShellScriptBuildPhase;
			buildActionMask = 2147483647;
			files = (
			);
			inputPaths = (
			);
			name = "[CP] Embed Pods Frameworks";
			outputPaths = (
			);
			runOnlyForDeploymentPostprocessing = 0;
			shellPath = /bin/sh;
			shellScript = "\"${SRCROOT}/Pods/Target Support Files/Pods-finchack2017/Pods-finchack2017-frameworks.sh\"\n";
			showEnvVarsInLog = 0;
		};
		F615C67D6B8A3A4D0A5E64AD /* [CP] Check Pods Manifest.lock */ = {
			isa = PBXShellScriptBuildPhase;
			buildActionMask = 2147483647;
			files = (
			);
			inputPaths = (
			);
			name = "[CP] Check Pods Manifest.lock";
			outputPaths = (
			);
			runOnlyForDeploymentPostprocessing = 0;
			shellPath = /bin/sh;
			shellScript = "diff \"${PODS_PODFILE_DIR_PATH}/Podfile.lock\" \"${PODS_ROOT}/Manifest.lock\" > /dev/null\nif [ $? != 0 ] ; then\n    # print error to STDERR\n    echo \"error: The sandbox is not in sync with the Podfile.lock. Run 'pod install' or update your CocoaPods installation.\" >&2\n    exit 1\nfi\n";
			showEnvVarsInLog = 0;
		};
/* End PBXShellScriptBuildPhase section */

/* Begin PBXSourcesBuildPhase section */
		2C62ABDD1F10917F00E7F49A /* Sources */ = {
			isa = PBXSourcesBuildPhase;
			buildActionMask = 2147483647;
			files = (
				2C62AC0C1F10940900E7F49A /* RoudButton.swift in Sources */,
				2C62AC041F10940900E7F49A /* MapCollectionViewCell.swift in Sources */,
				2CF080811F10B7D100B7EF67 /* ImageCollectionViewCell.swift in Sources */,
				2C62AC051F10940900E7F49A /* MapViewController.swift in Sources */,
				2C62ABE71F10917F00E7F49A /* ViewController.swift in Sources */,
				2C62AC071F10940900E7F49A /* Place.swift in Sources */,
				2CF080831F10DFF400B7EF67 /* DatabaseManager.swift in Sources */,
				2C62ABE51F10917F00E7F49A /* AppDelegate.swift in Sources */,
				2C62AC0D1F10940900E7F49A /* testViewController.swift in Sources */,
				2C62AC0A1F10940900E7F49A /* QRCodeGeneratorController.swift in Sources */,
				2C62AC031F10940900E7F49A /* Map2ViewController.swift in Sources */,
				2C62AC0B1F10940900E7F49A /* QRScannerController.swift in Sources */,
				2C62AC021F10940900E7F49A /* GradientView.swift in Sources */,
				2C62AC061F10940900E7F49A /* PinAnnotation.swift in Sources */,
			);
			runOnlyForDeploymentPostprocessing = 0;
		};
/* End PBXSourcesBuildPhase section */

/* Begin PBXVariantGroup section */
		2C62ABE81F10917F00E7F49A /* Main.storyboard */ = {
			isa = PBXVariantGroup;
			children = (
				2C62ABE91F10917F00E7F49A /* Base */,
			);
			name = Main.storyboard;
			sourceTree = "<group>";
		};
		2C62ABED1F10917F00E7F49A /* LaunchScreen.storyboard */ = {
			isa = PBXVariantGroup;
			children = (
				2C62ABEE1F10917F00E7F49A /* Base */,
			);
			name = LaunchScreen.storyboard;
			sourceTree = "<group>";
		};
/* End PBXVariantGroup section */

/* Begin XCBuildConfiguration section */
		2C62ABF11F10917F00E7F49A /* Debug */ = {
			isa = XCBuildConfiguration;
			buildSettings = {
				ALWAYS_SEARCH_USER_PATHS = NO;
				CLANG_ANALYZER_NONNULL = YES;
				CLANG_ANALYZER_NUMBER_OBJECT_CONVERSION = YES_AGGRESSIVE;
				CLANG_CXX_LANGUAGE_STANDARD = "gnu++0x";
				CLANG_CXX_LIBRARY = "libc++";
				CLANG_ENABLE_MODULES = YES;
				CLANG_ENABLE_OBJC_ARC = YES;
				CLANG_WARN_BOOL_CONVERSION = YES;
				CLANG_WARN_CONSTANT_CONVERSION = YES;
				CLANG_WARN_DIRECT_OBJC_ISA_USAGE = YES_ERROR;
				CLANG_WARN_DOCUMENTATION_COMMENTS = YES;
				CLANG_WARN_EMPTY_BODY = YES;
				CLANG_WARN_ENUM_CONVERSION = YES;
				CLANG_WARN_INFINITE_RECURSION = YES;
				CLANG_WARN_INT_CONVERSION = YES;
				CLANG_WARN_OBJC_ROOT_CLASS = YES_ERROR;
				CLANG_WARN_SUSPICIOUS_MOVE = YES;
				CLANG_WARN_UNREACHABLE_CODE = YES;
				CLANG_WARN__DUPLICATE_METHOD_MATCH = YES;
				"CODE_SIGN_IDENTITY[sdk=iphoneos*]" = "iPhone Developer";
				COPY_PHASE_STRIP = NO;
				DEBUG_INFORMATION_FORMAT = dwarf;
				ENABLE_STRICT_OBJC_MSGSEND = YES;
				ENABLE_TESTABILITY = YES;
				GCC_C_LANGUAGE_STANDARD = gnu99;
				GCC_DYNAMIC_NO_PIC = NO;
				GCC_NO_COMMON_BLOCKS = YES;
				GCC_OPTIMIZATION_LEVEL = 0;
				GCC_PREPROCESSOR_DEFINITIONS = (
					"DEBUG=1",
					"$(inherited)",
				);
				GCC_WARN_64_TO_32_BIT_CONVERSION = YES;
				GCC_WARN_ABOUT_RETURN_TYPE = YES_ERROR;
				GCC_WARN_UNDECLARED_SELECTOR = YES;
				GCC_WARN_UNINITIALIZED_AUTOS = YES_AGGRESSIVE;
				GCC_WARN_UNUSED_FUNCTION = YES;
				GCC_WARN_UNUSED_VARIABLE = YES;
				IPHONEOS_DEPLOYMENT_TARGET = 10.3;
				MTL_ENABLE_DEBUG_INFO = YES;
				ONLY_ACTIVE_ARCH = YES;
				SDKROOT = iphoneos;
				SWIFT_ACTIVE_COMPILATION_CONDITIONS = DEBUG;
				SWIFT_OPTIMIZATION_LEVEL = "-Onone";
				TARGETED_DEVICE_FAMILY = "1,2";
			};
			name = Debug;
		};
		2C62ABF21F10917F00E7F49A /* Release */ = {
			isa = XCBuildConfiguration;
			buildSettings = {
				ALWAYS_SEARCH_USER_PATHS = NO;
				CLANG_ANALYZER_NONNULL = YES;
				CLANG_ANALYZER_NUMBER_OBJECT_CONVERSION = YES_AGGRESSIVE;
				CLANG_CXX_LANGUAGE_STANDARD = "gnu++0x";
				CLANG_CXX_LIBRARY = "libc++";
				CLANG_ENABLE_MODULES = YES;
				CLANG_ENABLE_OBJC_ARC = YES;
				CLANG_WARN_BOOL_CONVERSION = YES;
				CLANG_WARN_CONSTANT_CONVERSION = YES;
				CLANG_WARN_DIRECT_OBJC_ISA_USAGE = YES_ERROR;
				CLANG_WARN_DOCUMENTATION_COMMENTS = YES;
				CLANG_WARN_EMPTY_BODY = YES;
				CLANG_WARN_ENUM_CONVERSION = YES;
				CLANG_WARN_INFINITE_RECURSION = YES;
				CLANG_WARN_INT_CONVERSION = YES;
				CLANG_WARN_OBJC_ROOT_CLASS = YES_ERROR;
				CLANG_WARN_SUSPICIOUS_MOVE = YES;
				CLANG_WARN_UNREACHABLE_CODE = YES;
				CLANG_WARN__DUPLICATE_METHOD_MATCH = YES;
				"CODE_SIGN_IDENTITY[sdk=iphoneos*]" = "iPhone Developer";
				COPY_PHASE_STRIP = NO;
				DEBUG_INFORMATION_FORMAT = "dwarf-with-dsym";
				ENABLE_NS_ASSERTIONS = NO;
				ENABLE_STRICT_OBJC_MSGSEND = YES;
				GCC_C_LANGUAGE_STANDARD = gnu99;
				GCC_NO_COMMON_BLOCKS = YES;
				GCC_WARN_64_TO_32_BIT_CONVERSION = YES;
				GCC_WARN_ABOUT_RETURN_TYPE = YES_ERROR;
				GCC_WARN_UNDECLARED_SELECTOR = YES;
				GCC_WARN_UNINITIALIZED_AUTOS = YES_AGGRESSIVE;
				GCC_WARN_UNUSED_FUNCTION = YES;
				GCC_WARN_UNUSED_VARIABLE = YES;
				IPHONEOS_DEPLOYMENT_TARGET = 10.3;
				MTL_ENABLE_DEBUG_INFO = NO;
				SDKROOT = iphoneos;
				SWIFT_OPTIMIZATION_LEVEL = "-Owholemodule";
				TARGETED_DEVICE_FAMILY = "1,2";
				VALIDATE_PRODUCT = YES;
			};
			name = Release;
		};
		2C62ABF41F10917F00E7F49A /* Debug */ = {
			isa = XCBuildConfiguration;
			baseConfigurationReference = B0DA9613F58B2845BD01B590 /* Pods-finchack2017.debug.xcconfig */;
			buildSettings = {
				ASSETCATALOG_COMPILER_APPICON_NAME = AppIcon;
				DEVELOPMENT_TEAM = 67NSZFYFXU;
				INFOPLIST_FILE = finchack2017/Info.plist;
				LD_RUNPATH_SEARCH_PATHS = "$(inherited) @executable_path/Frameworks";
				PRODUCT_BUNDLE_IDENTIFIER = touchGame.finchack2017;
				PRODUCT_NAME = "$(TARGET_NAME)";
				SWIFT_VERSION = 3.0;
			};
			name = Debug;
		};
		2C62ABF51F10917F00E7F49A /* Release */ = {
			isa = XCBuildConfiguration;
			baseConfigurationReference = 0008815F04C54086EA0CD592 /* Pods-finchack2017.release.xcconfig */;
			buildSettings = {
				ASSETCATALOG_COMPILER_APPICON_NAME = AppIcon;
				DEVELOPMENT_TEAM = 67NSZFYFXU;
				INFOPLIST_FILE = finchack2017/Info.plist;
				LD_RUNPATH_SEARCH_PATHS = "$(inherited) @executable_path/Frameworks";
				PRODUCT_BUNDLE_IDENTIFIER = touchGame.finchack2017;
				PRODUCT_NAME = "$(TARGET_NAME)";
				SWIFT_VERSION = 3.0;
			};
			name = Release;
		};
/* End XCBuildConfiguration section */

/* Begin XCConfigurationList section */
		2C62ABDC1F10917F00E7F49A /* Build configuration list for PBXProject "finchack2017" */ = {
			isa = XCConfigurationList;
			buildConfigurations = (
				2C62ABF11F10917F00E7F49A /* Debug */,
				2C62ABF21F10917F00E7F49A /* Release */,
			);
			defaultConfigurationIsVisible = 0;
			defaultConfigurationName = Release;
		};
		2C62ABF31F10917F00E7F49A /* Build configuration list for PBXNativeTarget "finchack2017" */ = {
			isa = XCConfigurationList;
			buildConfigurations = (
				2C62ABF41F10917F00E7F49A /* Debug */,
				2C62ABF51F10917F00E7F49A /* Release */,
			);
			defaultConfigurationIsVisible = 0;
			defaultConfigurationName = Release;
		};
/* End XCConfigurationList section */
	};
	rootObject = 2C62ABD91F10917F00E7F49A /* Project object */;
}
